{
  "name": "mergedata",
  "version": "1.0.0",
  "lockfileVersion": 1,
  "requires": true,
  "dependencies": {
    "lodash": {
      "version": "4.17.15",
      "resolved": "https://registry.npm.taobao.org/lodash/download/lodash-4.17.15.tgz?cache=0&other_urls=https%3A%2F%2Fregistry.npm.taobao.org%2Flodash%2Fdownload%2Flodash-4.17.15.tgz",
      "integrity": "sha1-tEf2ZwoEVbv+7dETku/zMOoJdUg="
    },
    "uuid": {
      "version": "7.0.2",
      "resolved": "https://registry.npm.taobao.org/uuid/download/uuid-7.0.2.tgz?cache=0&sync_timestamp=1583326207173&other_urls=https%3A%2F%2Fregistry.npm.taobao.org%2Fuuid%2Fdownload%2Fuuid-7.0.2.tgz",
      "integrity": "sha1-f/XCA0Z+kfXg2Fz8uq99LrvKm+Y="
    },
    "zlib": {
      "version": "1.0.5",
      "resolved": "https://registry.npm.taobao.org/zlib/download/zlib-1.0.5.tgz",
      "integrity": "sha1-bnyXL8NxxkWmr7A6sUdp3vEU/MA="
    }
  }
}
